
Microsoft Visual Studio Solution File, Format Version 12.00
# Visual Studio 15
VisualStudioVersion = 15.0.28307.1169
MinimumVisualStudioVersion = 10.0.40219.1
Project("{FAE04EC0-301F-11D3-BF4B-00C04F79EFBC}") = "WebApplication1", "WebApplication1\WebApplication1.csproj", "{F762969E-3D51-4C1D-86DD-F47E2AA6F870}"
EndProject
Global
	GlobalSection(SolutionConfigurationPlatforms) = preSolution
		Debug|Any CPU = Debug|Any CPU
		Release|Any CPU = Release|Any CPU
	EndGlobalSection
	GlobalSection(ProjectConfigurationPlatforms) = postSolution
		{F762969E-3D51-4C1D-86DD-F47E2AA6F870}.Debug|Any CPU.ActiveCfg = Debug|Any CPU
		{F762969E-3D51-4C1D-86DD-F47E2AA6F870}.Debug|Any CPU.Build.0 = Debug|Any CPU
		{F762969E-3D51-4C1D-86DD-F47E2AA6F870}.Release|Any CPU.ActiveCfg = Release|Any CPU
		{F762969E-3D51-4C1D-86DD-F47E2AA6F870}.Release|Any CPU.Build.0 = Release|Any CPU
	EndGlobalSection
	GlobalSection(SolutionProperties) = preSolution
		HideSolutionNode = FALSE
	EndGlobalSection
	GlobalSection(ExtensibilityGlobals) = postSolution
		SolutionGuid = {06E34D46-3569-4792-90A0-4842D69C3074}
	EndGlobalSection
EndGlobal
